// !$*UTF8*$!
{
	archiveVersion = 1;
	classes = {
	};
	objectVersion = 50;
	objects = {

/* Begin PBXBuildFile section */
		4393BBFC27E5CC0A002FF9F8 /* bgm.mp3 in Resources */ = {isa = PBXBuildFile; fileRef = 4393BBFB27E5CC0A002FF9F8 /* bgm.mp3 */; };
		4393BBFF27E5CD80002FF9F8 /* click.mp3 in Resources */ = {isa = PBXBuildFile; fileRef = 4393BBFE27E5CD80002FF9F8 /* click.mp3 */; };
		43DB34B627DDBE0000754C57 /* connect_fourApp.swift in Sources */ = {isa = PBXBuildFile; fileRef = 43DB34B527DDBE0000754C57 /* connect_fourApp.swift */; };
		43DB34B827DDBE0000754C57 /* ContentView.swift in Sources */ = {isa = PBXBuildFile; fileRef = 43DB34B727DDBE0000754C57 /* ContentView.swift */; };
		43DB34BA27DDBE0A00754C57 /* Assets.xcassets in Resources */ = {isa = PBXBuildFile; fileRef = 43DB34B927DDBE0A00754C57 /* Assets.xcassets */; };
		43DB34BD27DDBE0A00754C57 /* Preview Assets.xcassets in Resources */ = {isa = PBXBuildFile; fileRef = 43DB34BC27DDBE0A00754C57 /* Preview Assets.xcassets */; };
/* End PBXBuildFile section */

/* Begin PBXFileReference section */
		4393BBFB27E5CC0A002FF9F8 /* bgm.mp3 */ = {isa = PBXFileReference; lastKnownFileType = audio.mp3; path = bgm.mp3; sourceTree = "<group>"; };
		4393BBFE27E5CD80002FF9F8 /* click.mp3 */ = {isa = PBXFileReference; lastKnownFileType = audio.mp3; path = click.mp3; sourceTree = "<group>"; };
		43DB34B227DDBE0000754C57 /* connect four.app */ = {isa = PBXFileReference; explicitFileType = wrapper.application; includeInIndex = 0; path = "connect four.app"; sourceTree = BUILT_PRODUCTS_DIR; };
		43DB34B527DDBE0000754C57 /* connect_fourApp.swift */ = {isa = PBXFileReference; lastKnownFileType = sourcecode.swift; path = connect_fourApp.swift; sourceTree = "<group>"; };
		43DB34B727DDBE0000754C57 /* ContentView.swift */ = {isa = PBXFileReference; indentWidth = 10; lastKnownFileType = sourcecode.swift; path = ContentView.swift; sourceTree = "<group>"; tabWidth = 10; };
		43DB34B927DDBE0A00754C57 /* Assets.xcassets */ = {isa = PBXFileReference; lastKnownFileType = folder.assetcatalog; path = Assets.xcassets; sourceTree = "<group>"; };
		43DB34BC27DDBE0A00754C57 /* Preview Assets.xcassets */ = {isa = PBXFileReference; lastKnownFileType = folder.assetcatalog; path = "Preview Assets.xcassets"; sourceTree = "<group>"; };
		43DB34BE27DDBE0A00754C57 /* Info.plist */ = {isa = PBXFileReference; lastKnownFileType = text.plist.xml; path = Info.plist; sourceTree = "<group>"; };
/* End PBXFileReference section */

/* Begin PBXFrameworksBuildPhase section */
		43DB34AF27DDBE0000754C57 /* Frameworks */ = {
			isa = PBXFrameworksBuildPhase;
			buildActionMask = 2147483647;
			files = (
			);
			runOnlyForDeploymentPostprocessing = 0;
		};
/* End PBXFrameworksBuildPhase section */

/* Begin PBXGroup section */
		43DB34A927DDBE0000754C57 = {
			isa = PBXGroup;
			children = (
				43DB34B427DDBE0000754C57 /* connect four */,
				43DB34B327DDBE0000754C57 /* Products */,
			);
			sourceTree = "<group>";
		};
		43DB34B327DDBE0000754C57 /* Products */ = {
			isa = PBXGroup;
			children = (
				43DB34B227DDBE0000754C57 /* connect four.app */,
			);
			name = Products;
			sourceTree = "<group>";
		};
		43DB34B427DDBE0000754C57 /* connect four */ = {
			isa = PBXGroup;
			children = (
				43DB34B527DDBE0000754C57 /* connect_fourApp.swift */,
				4393BBFB27E5CC0A002FF9F8 /* bgm.mp3 */,
				43DB34B727DDBE0000754C57 /* ContentView.swift */,
				4393BBFE27E5CD80002FF9F8 /* click.mp3 */,
				43DB34B927DDBE0A00754C57 /* Assets.xcassets */,
				43DB34BE27DDBE0A00754C57 /* Info.plist */,
				43DB34BB27DDBE0A00754C57 /* Preview Content */,
			);
			path = "connect four";
			sourceTree = "<group>";
		};
		43DB34BB27DDBE0A00754C57 /* Preview Content */ = {
			isa = PBXGroup;
			children = (
				43DB34BC27DDBE0A00754C57 /* Preview Assets.xcassets */,
			);
			path = "Preview Content";
			sourceTree = "<group>";
		};
/* End PBXGroup section */

/* Begin PBXNativeTarget section */
		43DB34B127DDBE0000754C57 /* connect four */ = {
			isa = PBXNativeTarget;
			buildConfigurationList = 43DB34C127DDBE0A00754C57 /* Build configuration list for PBXNativeTarget "connect four" */;
			buildPhases = (
				43DB34AE27DDBE0000754C57 /* Sources */,
				43DB34AF27DDBE0000754C57 /* Frameworks */,
				43DB34B027DDBE0000754C57 /* Resources */,
			);
			buildRules = (
			);
			dependencies = (
			);
			name = "connect four";
			productName = "connect four";
			productReference = 43DB34B227DDBE0000754C57 /* connect four.app */;
			productType = "com.apple.product-type.application";
		};
/* End PBXNativeTarget section */

/* Begin PBXProject section */
		43DB34AA27DDBE0000754C57 /* Project object */ = {
			isa = PBXProject;
			attributes = {
				LastSwiftUpdateCheck = 1240;
				LastUpgradeCheck = 1240;
				TargetAttributes = {
					43DB34B127DDBE0000754C57 = {
						CreatedOnToolsVersion = 12.4;
					};
				};
			};
			buildConfigurationList = 43DB34AD27DDBE0000754C57 /* Build configuration list for PBXProject "connect four" */;
			compatibilityVersion = "Xcode 9.3";
			developmentRegion = en;
			hasScannedForEncodings = 0;
			knownRegions = (
				en,
				Base,
			);
			mainGroup = 43DB34A927DDBE0000754C57;
			productRefGroup = 43DB34B327DDBE0000754C57 /* Products */;
			projectDirPath = "";
			projectRoot = "";
			targets = (
				43DB34B127DDBE0000754C57 /* connect four */,
			);
		};
/* End PBXProject section */

/* Begin PBXResourcesBuildPhase section */
		43DB34B027DDBE0000754C57 /* Resources */ = {
			isa = PBXResourcesBuildPhase;
			buildActionMask = 2147483647;
			files = (
				4393BBFC27E5CC0A002FF9F8 /* bgm.mp3 in Resources */,
				4393BBFF27E5CD80002FF9F8 /* click.mp3 in Resources */,
				43DB34BD27DDBE0A00754C57 /* Preview Assets.xcassets in Resources */,
				43DB34BA27DDBE0A00754C57 /* Assets.xcassets in Resources */,
			);
			runOnlyForDeploymentPostprocessing = 0;
		};
/* End PBXResourcesBuildPhase section */

/* Begin PBXSourcesBuildPhase section */
		43DB34AE27DDBE0000754C57 /* Sources */ = {
			isa = PBXSourcesBuildPhase;
			buildActionMask = 2147483647;
			files = (
				43DB34B827DDBE0000754C57 /* ContentView.swift in Sources */,
				43DB34B627DDBE0000754C57 /* connect_fourApp.swift in Sources */,
			);
			runOnlyForDeploymentPostprocessing = 0;
		};
/* End PBXSourcesBuildPhase section */

/* Begin XCBuildConfiguration section */
		43DB34BF27DDBE0A00754C57 /* Debug */ = {
			isa = XCBuildConfiguration;
			buildSettings = {
				ALWAYS_SEARCH_USER_PATHS = NO;
				CLANG_ANALYZER_NONNULL = YES;
				CLANG_ANALYZER_NUMBER_OBJECT_CONVERSION = YES_AGGRESSIVE;
				CLANG_CXX_LANGUAGE_STANDARD = "gnu++14";
				CLANG_CXX_LIBRARY = "libc++";
				CLANG_ENABLE_MODULES = YES;
				CLANG_ENABLE_OBJC_ARC = YES;
				CLANG_ENABLE_OBJC_WEAK = YES;
				CLANG_WARN_BLOCK_CAPTURE_AUTORELEASING = YES;
				CLANG_WARN_BOOL_CONVERSION = YES;
				CLANG_WARN_COMMA = YES;
				CLANG_WARN_CONSTANT_CONVERSION = YES;
				CLANG_WARN_DEPRECATED_OBJC_IMPLEMENTATIONS = YES;
				CLANG_WARN_DIRECT_OBJC_ISA_USAGE = YES_ERROR;
				CLANG_WARN_DOCUMENTATION_COMMENTS = YES;
				CLANG_WARN_EMPTY_BODY = YES;
				CLANG_WARN_ENUM_CONVERSION = YES;
				CLANG_WARN_INFINITE_RECURSION = YES;
				CLANG_WARN_INT_CONVERSION = YES;
				CLANG_WARN_NON_LITERAL_NULL_CONVERSION = YES;
				CLANG_WARN_OBJC_IMPLICIT_RETAIN_SELF = YES;
				CLANG_WARN_OBJC_LITERAL_CONVERSION = YES;
				CLANG_WARN_OBJC_ROOT_CLASS = YES_ERROR;
				CLANG_WARN_QUOTED_INCLUDE_IN_FRAMEWORK_HEADER = YES;
				CLANG_WARN_RANGE_LOOP_ANALYSIS = YES;
				CLANG_WARN_STRICT_PROTOTYPES = YES;
				CLANG_WARN_SUSPICIOUS_MOVE = YES;
				CLANG_WARN_UNGUARDED_AVAILABILITY = YES_AGGRESSIVE;
				CLANG_WARN_UNREACHABLE_CODE = YES;
				CLANG_WARN__DUPLICATE_METHOD_MATCH = YES;
				COPY_PHASE_STRIP = NO;
				DEBUG_INFORMATION_FORMAT = dwarf;
				ENABLE_STRICT_OBJC_MSGSEND = YES;
				ENABLE_TESTABILITY = YES;
				GCC_C_LANGUAGE_STANDARD = gnu11;
				GCC_DYNAMIC_NO_PIC = NO;
				GCC_NO_COMMON_BLOCKS = YES;
				GCC_OPTIMIZATION_LEVEL = 0;
				GCC_PREPROCESSOR_DEFINITIONS = (
					"DEBUG=1",
					"$(inherited)",
				);
				GCC_WARN_64_TO_32_BIT_CONVERSION = YES;
				GCC_WARN_ABOUT_RETURN_TYPE = YES_ERROR;
				GCC_WARN_UNDECLARED_SELECTOR = YES;
				GCC_WARN_UNINITIALIZED_AUTOS = YES_AGGRESSIVE;
				GCC_WARN_UNUSED_FUNCTION = YES;
				GCC_WARN_UNUSED_VARIABLE = YES;
				IPHONEOS_DEPLOYMENT_TARGET = 14.4;
				MTL_ENABLE_DEBUG_INFO = INCLUDE_SOURCE;
				MTL_FAST_MATH = YES;
				ONLY_ACTIVE_ARCH = YES;
				SDKROOT = iphoneos;
				SWIFT_ACTIVE_COMPILATION_CONDITIONS = DEBUG;
				SWIFT_OPTIMIZATION_LEVEL = "-Onone";
			};
			name = Debug;
		};
		43DB34C027DDBE0A00754C57 /* Release */ = {
			isa = XCBuildConfiguration;
			buildSettings = {
				ALWAYS_SEARCH_USER_PATHS = NO;
				CLANG_ANALYZER_NONNULL = YES;
				CLANG_ANALYZER_NUMBER_OBJECT_CONVERSION = YES_AGGRESSIVE;
				CLANG_CXX_LANGUAGE_STANDARD = "gnu++14";
				CLANG_CXX_LIBRARY = "libc++";
				CLANG_ENABLE_MODULES = YES;
				CLANG_ENABLE_OBJC_ARC = YES;
				CLANG_ENABLE_OBJC_WEAK = YES;
				CLANG_WARN_BLOCK_CAPTURE_AUTORELEASING = YES;
				CLANG_WARN_BOOL_CONVERSION = YES;
				CLANG_WARN_COMMA = YES;
				CLANG_WARN_CONSTANT_CONVERSION = YES;
				CLANG_WARN_DEPRECATED_OBJC_IMPLEMENTATIONS = YES;
				CLANG_WARN_DIRECT_OBJC_ISA_USAGE = YES_ERROR;
				CLANG_WARN_DOCUMENTATION_COMMENTS = YES;
				CLANG_WARN_EMPTY_BODY = YES;
				CLANG_WARN_ENUM_CONVERSION = YES;
				CLANG_WARN_INFINITE_RECURSION = YES;
				CLANG_WARN_INT_CONVERSION = YES;
				CLANG_WARN_NON_LITERAL_NULL_CONVERSION = YES;
				CLANG_WARN_OBJC_IMPLICIT_RETAIN_SELF = YES;
				CLANG_WARN_OBJC_LITERAL_CONVERSION = YES;
				CLANG_WARN_OBJC_ROOT_CLASS = YES_ERROR;
				CLANG_WARN_QUOTED_INCLUDE_IN_FRAMEWORK_HEADER = YES;
				CLANG_WARN_RANGE_LOOP_ANALYSIS = YES;
				CLANG_WARN_STRICT_PROTOTYPES = YES;
				CLANG_WARN_SUSPICIOUS_MOVE = YES;
				CLANG_WARN_UNGUARDED_AVAILABILITY = YES_AGGRESSIVE;
				CLANG_WARN_UNREACHABLE_CODE = YES;
				CLANG_WARN__DUPLICATE_METHOD_MATCH = YES;
				COPY_PHASE_STRIP = NO;
				DEBUG_INFORMATION_FORMAT = "dwarf-with-dsym";
				ENABLE_NS_ASSERTIONS = NO;
				ENABLE_STRICT_OBJC_MSGSEND = YES;
				GCC_C_LANGUAGE_STANDARD = gnu11;
				GCC_NO_COMMON_BLOCKS = YES;
				GCC_WARN_64_TO_32_BIT_CONVERSION = YES;
				GCC_WARN_ABOUT_RETURN_TYPE = YES_ERROR;
				GCC_WARN_UNDECLARED_SELECTOR = YES;
				GCC_WARN_UNINITIALIZED_AUTOS = YES_AGGRESSIVE;
				GCC_WARN_UNUSED_FUNCTION = YES;
				GCC_WARN_UNUSED_VARIABLE = YES;
				IPHONEOS_DEPLOYMENT_TARGET = 14.4;
				MTL_ENABLE_DEBUG_INFO = NO;
				MTL_FAST_MATH = YES;
				SDKROOT = iphoneos;
				SWIFT_COMPILATION_MODE = wholemodule;
				SWIFT_OPTIMIZATION_LEVEL = "-O";
				VALIDATE_PRODUCT = YES;
			};
			name = Release;
		};
		43DB34C227DDBE0A00754C57 /* Debug */ = {
			isa = XCBuildConfiguration;
			buildSettings = {
				ASSETCATALOG_COMPILER_APPICON_NAME = AppIcon;
				ASSETCATALOG_COMPILER_GLOBAL_ACCENT_COLOR_NAME = AccentColor;
				CODE_SIGN_STYLE = Automatic;
				DEVELOPMENT_ASSET_PATHS = "\"connect four/Preview Content\"";
				ENABLE_PREVIEWS = YES;
				INFOPLIST_FILE = "connect four/Info.plist";
				IPHONEOS_DEPLOYMENT_TARGET = 14.0;
				LD_RUNPATH_SEARCH_PATHS = (
					"$(inherited)",
					"@executable_path/Frameworks",
				);
				PRODUCT_BUNDLE_IDENTIFIER = "rachel.connect-four";
				PRODUCT_NAME = "$(TARGET_NAME)";
				SWIFT_VERSION = 5.0;
				TARGETED_DEVICE_FAMILY = "1,2";
			};
			name = Debug;
		};
		43DB34C327DDBE0A00754C57 /* Release */ = {
			isa = XCBuildConfiguration;
			buildSettings = {
				ASSETCATALOG_COMPILER_APPICON_NAME = AppIcon;
				ASSETCATALOG_COMPILER_GLOBAL_ACCENT_COLOR_NAME = AccentColor;
				CODE_SIGN_STYLE = Automatic;
				DEVELOPMENT_ASSET_PATHS = "\"connect four/Preview Content\"";
				ENABLE_PREVIEWS = YES;
				INFOPLIST_FILE = "connect four/Info.plist";
				IPHONEOS_DEPLOYMENT_TARGET = 14.0;
				LD_RUNPATH_SEARCH_PATHS = (
					"$(inherited)",
					"@executable_path/Frameworks",
				);
				PRODUCT_BUNDLE_IDENTIFIER = "rachel.connect-four";
				PRODUCT_NAME = "$(TARGET_NAME)";
				SWIFT_VERSION = 5.0;
				TARGETED_DEVICE_FAMILY = "1,2";
			};
			name = Release;
		};
/* End XCBuildConfiguration section */

/* Begin XCConfigurationList section */
		43DB34AD27DDBE0000754C57 /* Build configuration list for PBXProject "connect four" */ = {
			isa = XCConfigurationList;
			buildConfigurations = (
				43DB34BF27DDBE0A00754C57 /* Debug */,
				43DB34C027DDBE0A00754C57 /* Release */,
			);
			defaultConfigurationIsVisible = 0;
			defaultConfigurationName = Release;
		};
		43DB34C127DDBE0A00754C57 /* Build configuration list for PBXNativeTarget "connect four" */ = {
			isa = XCConfigurationList;
			buildConfigurations = (
				43DB34C227DDBE0A00754C57 /* Debug */,
				43DB34C327DDBE0A00754C57 /* Release */,
			);
			defaultConfigurationIsVisible = 0;
			defaultConfigurationName = Release;
		};
/* End XCConfigurationList section */
	};
	rootObject = 43DB34AA27DDBE0000754C57 /* Project object */;
}
